
Microsoft Visual Studio Solution File, Format Version 11.00
# Visual Studio 2010
Project("{FAE04EC0-301F-11D3-BF4B-00C04F79EFBC}") = "BancoTalentoso", "BancoTalentoso.csproj", "{A4AA727C-57C7-47E1-BCE9-214CF4586BFF}"
EndProject
Global
	GlobalSection(SolutionConfigurationPlatforms) = preSolution
		Debug|x86 = Debug|x86
		Release|x86 = Release|x86
	EndGlobalSection
	GlobalSection(ProjectConfigurationPlatforms) = postSolution
		{A4AA727C-57C7-47E1-BCE9-214CF4586BFF}.Debug|x86.ActiveCfg = Release|x86
		{A4AA727C-57C7-47E1-BCE9-214CF4586BFF}.Release|x86.ActiveCfg = Release|x86
	EndGlobalSection
	GlobalSection(SolutionProperties) = preSolution
		HideSolutionNode = FALSE
	EndGlobalSection
EndGlobal
